// !$*UTF8*$!
{
	archiveVersion = 1;
	classes = {
	};
	objectVersion = 50;
	objects = {

/* Begin PBXBuildFile section */
		74121C5321CFBA13004397EA /* AppDelegate.swift in Sources */ = {isa = PBXBuildFile; fileRef = 74121C5221CFBA13004397EA /* AppDelegate.swift */; };
		74121C5521CFBA13004397EA /* ViewController.swift in Sources */ = {isa = PBXBuildFile; fileRef = 74121C5421CFBA13004397EA /* ViewController.swift */; };
		74121C5821CFBA13004397EA /* Main.storyboard in Resources */ = {isa = PBXBuildFile; fileRef = 74121C5621CFBA13004397EA /* Main.storyboard */; };
		74121C5A21CFBA16004397EA /* Assets.xcassets in Resources */ = {isa = PBXBuildFile; fileRef = 74121C5921CFBA16004397EA /* Assets.xcassets */; };
		74121C5D21CFBA16004397EA /* LaunchScreen.storyboard in Resources */ = {isa = PBXBuildFile; fileRef = 74121C5B21CFBA16004397EA /* LaunchScreen.storyboard */; };
		74121C8721D0E038004397EA /* AudioRESTController.swift in Sources */ = {isa = PBXBuildFile; fileRef = 74121C8621D0E037004397EA /* AudioRESTController.swift */; };
/* End PBXBuildFile section */

/* Begin PBXFileReference section */
		74121C4F21CFBA13004397EA /* ARKitVUISample001.app */ = {isa = PBXFileReference; explicitFileType = wrapper.application; includeInIndex = 0; path = ARKitVUISample001.app; sourceTree = BUILT_PRODUCTS_DIR; };
		74121C5221CFBA13004397EA /* AppDelegate.swift */ = {isa = PBXFileReference; lastKnownFileType = sourcecode.swift; path = AppDelegate.swift; sourceTree = "<group>"; };
		74121C5421CFBA13004397EA /* ViewController.swift */ = {isa = PBXFileReference; lastKnownFileType = sourcecode.swift; path = ViewController.swift; sourceTree = "<group>"; };
		74121C5721CFBA13004397EA /* Base */ = {isa = PBXFileReference; lastKnownFileType = file.storyboard; name = Base; path = Base.lproj/Main.storyboard; sourceTree = "<group>"; };
		74121C5921CFBA16004397EA /* Assets.xcassets */ = {isa = PBXFileReference; lastKnownFileType = folder.assetcatalog; path = Assets.xcassets; sourceTree = "<group>"; };
		74121C5C21CFBA16004397EA /* Base */ = {isa = PBXFileReference; lastKnownFileType = file.storyboard; name = Base; path = Base.lproj/LaunchScreen.storyboard; sourceTree = "<group>"; };
		74121C5E21CFBA16004397EA /* Info.plist */ = {isa = PBXFileReference; lastKnownFileType = text.plist.xml; path = Info.plist; sourceTree = "<group>"; };
		74121C8621D0E037004397EA /* AudioRESTController.swift */ = {isa = PBXFileReference; fileEncoding = 4; lastKnownFileType = sourcecode.swift; path = AudioRESTController.swift; sourceTree = "<group>"; };
/* End PBXFileReference section */

/* Begin PBXFrameworksBuildPhase section */
		74121C4C21CFBA13004397EA /* Frameworks */ = {
			isa = PBXFrameworksBuildPhase;
			buildActionMask = 2147483647;
			files = (
			);
			runOnlyForDeploymentPostprocessing = 0;
		};
/* End PBXFrameworksBuildPhase section */

/* Begin PBXGroup section */
		74121C4621CFBA13004397EA = {
			isa = PBXGroup;
			children = (
				74121C5121CFBA13004397EA /* ARKitVUISample001 */,
				74121C5021CFBA13004397EA /* Products */,
			);
			sourceTree = "<group>";
		};
		74121C5021CFBA13004397EA /* Products */ = {
			isa = PBXGroup;
			children = (
				74121C4F21CFBA13004397EA /* ARKitVUISample001.app */,
			);
			name = Products;
			sourceTree = "<group>";
		};
		74121C5121CFBA13004397EA /* ARKitVUISample001 */ = {
			isa = PBXGroup;
			children = (
				74121C8621D0E037004397EA /* AudioRESTController.swift */,
				74121C5221CFBA13004397EA /* AppDelegate.swift */,
				74121C5421CFBA13004397EA /* ViewController.swift */,
				74121C5621CFBA13004397EA /* Main.storyboard */,
				74121C5921CFBA16004397EA /* Assets.xcassets */,
				74121C5B21CFBA16004397EA /* LaunchScreen.storyboard */,
				74121C5E21CFBA16004397EA /* Info.plist */,
			);
			path = ARKitVUISample001;
			sourceTree = "<group>";
		};
/* End PBXGroup section */

/* Begin PBXNativeTarget section */
		74121C4E21CFBA13004397EA /* ARKitVUISample001 */ = {
			isa = PBXNativeTarget;
			buildConfigurationList = 74121C6121CFBA16004397EA /* Build configuration list for PBXNativeTarget "ARKitVUISample001" */;
			buildPhases = (
				74121C4B21CFBA13004397EA /* Sources */,
				74121C4C21CFBA13004397EA /* Frameworks */,
				74121C4D21CFBA13004397EA /* Resources */,
			);
			buildRules = (
			);
			dependencies = (
			);
			name = ARKitVUISample001;
			productName = ARKitVUISample001;
			productReference = 74121C4F21CFBA13004397EA /* ARKitVUISample001.app */;
			productType = "com.apple.product-type.application";
		};
/* End PBXNativeTarget section */

/* Begin PBXProject section */
		74121C4721CFBA13004397EA /* Project object */ = {
			isa = PBXProject;
			attributes = {
				LastSwiftUpdateCheck = 1010;
				LastUpgradeCheck = 1010;
				ORGANIZATIONNAME = SHMD;
				TargetAttributes = {
					74121C4E21CFBA13004397EA = {
						CreatedOnToolsVersion = 10.1;
					};
				};
			};
			buildConfigurationList = 74121C4A21CFBA13004397EA /* Build configuration list for PBXProject "ARKitVUISample001" */;
			compatibilityVersion = "Xcode 9.3";
			developmentRegion = en;
			hasScannedForEncodings = 0;
			knownRegions = (
				en,
				Base,
			);
			mainGroup = 74121C4621CFBA13004397EA;
			productRefGroup = 74121C5021CFBA13004397EA /* Products */;
			projectDirPath = "";
			projectRoot = "";
			targets = (
				74121C4E21CFBA13004397EA /* ARKitVUISample001 */,
			);
		};
/* End PBXProject section */

/* Begin PBXResourcesBuildPhase section */
		74121C4D21CFBA13004397EA /* Resources */ = {
			isa = PBXResourcesBuildPhase;
			buildActionMask = 2147483647;
			files = (
				74121C5D21CFBA16004397EA /* LaunchScreen.storyboard in Resources */,
				74121C5A21CFBA16004397EA /* Assets.xcassets in Resources */,
				74121C5821CFBA13004397EA /* Main.storyboard in Resources */,
			);
			runOnlyForDeploymentPostprocessing = 0;
		};
/* End PBXResourcesBuildPhase section */

/* Begin PBXSourcesBuildPhase section */
		74121C4B21CFBA13004397EA /* Sources */ = {
			isa = PBXSourcesBuildPhase;
			buildActionMask = 2147483647;
			files = (
				74121C5521CFBA13004397EA /* ViewController.swift in Sources */,
				74121C5321CFBA13004397EA /* AppDelegate.swift in Sources */,
				74121C8721D0E038004397EA /* AudioRESTController.swift in Sources */,
			);
			runOnlyForDeploymentPostprocessing = 0;
		};
/* End PBXSourcesBuildPhase section */

/* Begin PBXVariantGroup section */
		74121C5621CFBA13004397EA /* Main.storyboard */ = {
			isa = PBXVariantGroup;
			children = (
				74121C5721CFBA13004397EA /* Base */,
			);
			name = Main.storyboard;
			sourceTree = "<group>";
		};
		74121C5B21CFBA16004397EA /* LaunchScreen.storyboard */ = {
			isa = PBXVariantGroup;
			children = (
				74121C5C21CFBA16004397EA /* Base */,
			);
			name = LaunchScreen.storyboard;
			sourceTree = "<group>";
		};
/* End PBXVariantGroup section */

/* Begin XCBuildConfiguration section */
		74121C5F21CFBA16004397EA /* Debug */ = {
			isa = XCBuildConfiguration;
			buildSettings = {
				ALWAYS_SEARCH_USER_PATHS = NO;
				CLANG_ANALYZER_NONNULL = YES;
				CLANG_ANALYZER_NUMBER_OBJECT_CONVERSION = YES_AGGRESSIVE;
				CLANG_CXX_LANGUAGE_STANDARD = "gnu++14";
				CLANG_CXX_LIBRARY = "libc++";
				CLANG_ENABLE_MODULES = YES;
				CLANG_ENABLE_OBJC_ARC = YES;
				CLANG_ENABLE_OBJC_WEAK = YES;
				CLANG_WARN_BLOCK_CAPTURE_AUTORELEASING = YES;
				CLANG_WARN_BOOL_CONVERSION = YES;
				CLANG_WARN_COMMA = YES;
				CLANG_WARN_CONSTANT_CONVERSION = YES;
				CLANG_WARN_DEPRECATED_OBJC_IMPLEMENTATIONS = YES;
				CLANG_WARN_DIRECT_OBJC_ISA_USAGE = YES_ERROR;
				CLANG_WARN_DOCUMENTATION_COMMENTS = YES;
				CLANG_WARN_EMPTY_BODY = YES;
				CLANG_WARN_ENUM_CONVERSION = YES;
				CLANG_WARN_INFINITE_RECURSION = YES;
				CLANG_WARN_INT_CONVERSION = YES;
				CLANG_WARN_NON_LITERAL_NULL_CONVERSION = YES;
				CLANG_WARN_OBJC_IMPLICIT_RETAIN_SELF = YES;
				CLANG_WARN_OBJC_LITERAL_CONVERSION = YES;
				CLANG_WARN_OBJC_ROOT_CLASS = YES_ERROR;
				CLANG_WARN_RANGE_LOOP_ANALYSIS = YES;
				CLANG_WARN_STRICT_PROTOTYPES = YES;
				CLANG_WARN_SUSPICIOUS_MOVE = YES;
				CLANG_WARN_UNGUARDED_AVAILABILITY = YES_AGGRESSIVE;
				CLANG_WARN_UNREACHABLE_CODE = YES;
				CLANG_WARN__DUPLICATE_METHOD_MATCH = YES;
				CODE_SIGN_IDENTITY = "iPhone Developer";
				COPY_PHASE_STRIP = NO;
				DEBUG_INFORMATION_FORMAT = dwarf;
				ENABLE_STRICT_OBJC_MSGSEND = YES;
				ENABLE_TESTABILITY = YES;
				GCC_C_LANGUAGE_STANDARD = gnu11;
				GCC_DYNAMIC_NO_PIC = NO;
				GCC_NO_COMMON_BLOCKS = YES;
				GCC_OPTIMIZATION_LEVEL = 0;
				GCC_PREPROCESSOR_DEFINITIONS = (
					"DEBUG=1",
					"$(inherited)",
				);
				GCC_WARN_64_TO_32_BIT_CONVERSION = YES;
				GCC_WARN_ABOUT_RETURN_TYPE = YES_ERROR;
				GCC_WARN_UNDECLARED_SELECTOR = YES;
				GCC_WARN_UNINITIALIZED_AUTOS = YES_AGGRESSIVE;
				GCC_WARN_UNUSED_FUNCTION = YES;
				GCC_WARN_UNUSED_VARIABLE = YES;
				IPHONEOS_DEPLOYMENT_TARGET = 12.1;
				MTL_ENABLE_DEBUG_INFO = INCLUDE_SOURCE;
				MTL_FAST_MATH = YES;
				ONLY_ACTIVE_ARCH = YES;
				SDKROOT = iphoneos;
				SWIFT_ACTIVE_COMPILATION_CONDITIONS = DEBUG;
				SWIFT_OPTIMIZATION_LEVEL = "-Onone";
			};
			name = Debug;
		};
		74121C6021CFBA16004397EA /* Release */ = {
			isa = XCBuildConfiguration;
			buildSettings = {
				ALWAYS_SEARCH_USER_PATHS = NO;
				CLANG_ANALYZER_NONNULL = YES;
				CLANG_ANALYZER_NUMBER_OBJECT_CONVERSION = YES_AGGRESSIVE;
				CLANG_CXX_LANGUAGE_STANDARD = "gnu++14";
				CLANG_CXX_LIBRARY = "libc++";
				CLANG_ENABLE_MODULES = YES;
				CLANG_ENABLE_OBJC_ARC = YES;
				CLANG_ENABLE_OBJC_WEAK = YES;
				CLANG_WARN_BLOCK_CAPTURE_AUTORELEASING = YES;
				CLANG_WARN_BOOL_CONVERSION = YES;
				CLANG_WARN_COMMA = YES;
				CLANG_WARN_CONSTANT_CONVERSION = YES;
				CLANG_WARN_DEPRECATED_OBJC_IMPLEMENTATIONS = YES;
				CLANG_WARN_DIRECT_OBJC_ISA_USAGE = YES_ERROR;
				CLANG_WARN_DOCUMENTATION_COMMENTS = YES;
				CLANG_WARN_EMPTY_BODY = YES;
				CLANG_WARN_ENUM_CONVERSION = YES;
				CLANG_WARN_INFINITE_RECURSION = YES;
				CLANG_WARN_INT_CONVERSION = YES;
				CLANG_WARN_NON_LITERAL_NULL_CONVERSION = YES;
				CLANG_WARN_OBJC_IMPLICIT_RETAIN_SELF = YES;
				CLANG_WARN_OBJC_LITERAL_CONVERSION = YES;
				CLANG_WARN_OBJC_ROOT_CLASS = YES_ERROR;
				CLANG_WARN_RANGE_LOOP_ANALYSIS = YES;
				CLANG_WARN_STRICT_PROTOTYPES = YES;
				CLANG_WARN_SUSPICIOUS_MOVE = YES;
				CLANG_WARN_UNGUARDED_AVAILABILITY = YES_AGGRESSIVE;
				CLANG_WARN_UNREACHABLE_CODE = YES;
				CLANG_WARN__DUPLICATE_METHOD_MATCH = YES;
				CODE_SIGN_IDENTITY = "iPhone Developer";
				COPY_PHASE_STRIP = NO;
				DEBUG_INFORMATION_FORMAT = "dwarf-with-dsym";
				ENABLE_NS_ASSERTIONS = NO;
				ENABLE_STRICT_OBJC_MSGSEND = YES;
				GCC_C_LANGUAGE_STANDARD = gnu11;
				GCC_NO_COMMON_BLOCKS = YES;
				GCC_WARN_64_TO_32_BIT_CONVERSION = YES;
				GCC_WARN_ABOUT_RETURN_TYPE = YES_ERROR;
				GCC_WARN_UNDECLARED_SELECTOR = YES;
				GCC_WARN_UNINITIALIZED_AUTOS = YES_AGGRESSIVE;
				GCC_WARN_UNUSED_FUNCTION = YES;
				GCC_WARN_UNUSED_VARIABLE = YES;
				IPHONEOS_DEPLOYMENT_TARGET = 12.1;
				MTL_ENABLE_DEBUG_INFO = NO;
				MTL_FAST_MATH = YES;
				SDKROOT = iphoneos;
				SWIFT_COMPILATION_MODE = wholemodule;
				SWIFT_OPTIMIZATION_LEVEL = "-O";
				VALIDATE_PRODUCT = YES;
			};
			name = Release;
		};
		74121C6221CFBA16004397EA /* Debug */ = {
			isa = XCBuildConfiguration;
			buildSettings = {
				ASSETCATALOG_COMPILER_APPICON_NAME = AppIcon;
				CODE_SIGN_STYLE = Automatic;
				DEVELOPMENT_TEAM = 247V527KAQ;
				INFOPLIST_FILE = ARKitVUISample001/Info.plist;
				IPHONEOS_DEPLOYMENT_TARGET = 12.0;
				LD_RUNPATH_SEARCH_PATHS = (
					"$(inherited)",
					"@executable_path/Frameworks",
				);
				PRODUCT_BUNDLE_IDENTIFIER = tokyo.shmdevelopment.ARKitVUISample001;
				PRODUCT_NAME = "$(TARGET_NAME)";
				SWIFT_VERSION = 4.2;
				TARGETED_DEVICE_FAMILY = "1,2";
			};
			name = Debug;
		};
		74121C6321CFBA16004397EA /* Release */ = {
			isa = XCBuildConfiguration;
			buildSettings = {
				ASSETCATALOG_COMPILER_APPICON_NAME = AppIcon;
				CODE_SIGN_STYLE = Automatic;
				DEVELOPMENT_TEAM = 247V527KAQ;
				INFOPLIST_FILE = ARKitVUISample001/Info.plist;
				IPHONEOS_DEPLOYMENT_TARGET = 12.0;
				LD_RUNPATH_SEARCH_PATHS = (
					"$(inherited)",
					"@executable_path/Frameworks",
				);
				PRODUCT_BUNDLE_IDENTIFIER = tokyo.shmdevelopment.ARKitVUISample001;
				PRODUCT_NAME = "$(TARGET_NAME)";
				SWIFT_VERSION = 4.2;
				TARGETED_DEVICE_FAMILY = "1,2";
			};
			name = Release;
		};
/* End XCBuildConfiguration section */

/* Begin XCConfigurationList section */
		74121C4A21CFBA13004397EA /* Build configuration list for PBXProject "ARKitVUISample001" */ = {
			isa = XCConfigurationList;
			buildConfigurations = (
				74121C5F21CFBA16004397EA /* Debug */,
				74121C6021CFBA16004397EA /* Release */,
			);
			defaultConfigurationIsVisible = 0;
			defaultConfigurationName = Release;
		};
		74121C6121CFBA16004397EA /* Build configuration list for PBXNativeTarget "ARKitVUISample001" */ = {
			isa = XCConfigurationList;
			buildConfigurations = (
				74121C6221CFBA16004397EA /* Debug */,
				74121C6321CFBA16004397EA /* Release */,
			);
			defaultConfigurationIsVisible = 0;
			defaultConfigurationName = Release;
		};
/* End XCConfigurationList section */
	};
	rootObject = 74121C4721CFBA13004397EA /* Project object */;
}
